// !$*UTF8*$!
{
	archiveVersion = 1;
	classes = {
	};
	objectVersion = 51;
	objects = {

/* Begin PBXBuildFile section */
		0505CEB3918E9E14E734E450 /* Pods_Dota.framework in Frameworks */ = {isa = PBXBuildFile; fileRef = 728C3B9C8CE49E4FC0621CF2 /* Pods_Dota.framework */; };
		6649B3B600CD9751E90C94AB /* Pods_DotaTests.framework in Frameworks */ = {isa = PBXBuildFile; fileRef = 0A43EDD92D916C1656BA5797 /* Pods_DotaTests.framework */; };
		DB30A4EF252F98BA00B898B2 /* FilterRolesViewController.swift in Sources */ = {isa = PBXBuildFile; fileRef = DB30A4ED252F98BA00B898B2 /* FilterRolesViewController.swift */; };
		DB30A4F0252F98BA00B898B2 /* FilterRolesViewController.xib in Resources */ = {isa = PBXBuildFile; fileRef = DB30A4EE252F98BA00B898B2 /* FilterRolesViewController.xib */; };
		DB30A4F8252F9B1900B898B2 /* RoleTableViewCell.swift in Sources */ = {isa = PBXBuildFile; fileRef = DB30A4F6252F9B1900B898B2 /* RoleTableViewCell.swift */; };
		DB30A4F9252F9B1900B898B2 /* RoleTableViewCell.xib in Resources */ = {isa = PBXBuildFile; fileRef = DB30A4F7252F9B1900B898B2 /* RoleTableViewCell.xib */; };
		DBC8F5AD252FA23A0082127B /* DetailHeroViewController.swift in Sources */ = {isa = PBXBuildFile; fileRef = DBC8F5AB252FA23A0082127B /* DetailHeroViewController.swift */; };
		DBC8F5AE252FA23A0082127B /* DetailHeroViewController.xib in Resources */ = {isa = PBXBuildFile; fileRef = DBC8F5AC252FA23A0082127B /* DetailHeroViewController.xib */; };
		DBC8F5B1252FAE260082127B /* DetailHeroViewModel.swift in Sources */ = {isa = PBXBuildFile; fileRef = DBC8F5B0252FAE260082127B /* DetailHeroViewModel.swift */; };
		DBC969BB252F710E00516F73 /* CoreDataHelper.swift in Sources */ = {isa = PBXBuildFile; fileRef = DBC969BA252F710E00516F73 /* CoreDataHelper.swift */; };
		DBE9AFA7252C92EA00ED1964 /* AppDelegate.swift in Sources */ = {isa = PBXBuildFile; fileRef = DBE9AFA6252C92EA00ED1964 /* AppDelegate.swift */; };
		DBE9AFA9252C92EA00ED1964 /* SceneDelegate.swift in Sources */ = {isa = PBXBuildFile; fileRef = DBE9AFA8252C92EA00ED1964 /* SceneDelegate.swift */; };
		DBE9AFB1252C92EA00ED1964 /* Dota.xcdatamodeld in Sources */ = {isa = PBXBuildFile; fileRef = DBE9AFAF252C92EA00ED1964 /* Dota.xcdatamodeld */; };
		DBE9AFB3252C92EB00ED1964 /* Assets.xcassets in Resources */ = {isa = PBXBuildFile; fileRef = DBE9AFB2252C92EB00ED1964 /* Assets.xcassets */; };
		DBE9AFB6252C92EB00ED1964 /* LaunchScreen.storyboard in Resources */ = {isa = PBXBuildFile; fileRef = DBE9AFB4252C92EB00ED1964 /* LaunchScreen.storyboard */; };
		DBE9AFC1252C92EB00ED1964 /* DotaTests.swift in Sources */ = {isa = PBXBuildFile; fileRef = DBE9AFC0252C92EB00ED1964 /* DotaTests.swift */; };
		DBE9AFCE252C9B0000ED1964 /* HomeViewController.swift in Sources */ = {isa = PBXBuildFile; fileRef = DBE9AFCC252C9B0000ED1964 /* HomeViewController.swift */; };
		DBE9AFCF252C9B0000ED1964 /* HomeViewController.xib in Resources */ = {isa = PBXBuildFile; fileRef = DBE9AFCD252C9B0000ED1964 /* HomeViewController.xib */; };
		DBE9AFD1252C9C9600ED1964 /* HomeViewModel.swift in Sources */ = {isa = PBXBuildFile; fileRef = DBE9AFD0252C9C9600ED1964 /* HomeViewModel.swift */; };
		DBE9AFDC252CC24100ED1964 /* UIColor.swift in Sources */ = {isa = PBXBuildFile; fileRef = DBE9AFDB252CC24100ED1964 /* UIColor.swift */; };
		DBE9AFDE252CC30700ED1964 /* BaseService.swift in Sources */ = {isa = PBXBuildFile; fileRef = DBE9AFDD252CC30700ED1964 /* BaseService.swift */; };
		DBE9AFE1252D5D8B00ED1964 /* HomeService.swift in Sources */ = {isa = PBXBuildFile; fileRef = DBE9AFE0252D5D8B00ED1964 /* HomeService.swift */; };
		DBE9AFE3252D5E3100ED1964 /* HeroModel.swift in Sources */ = {isa = PBXBuildFile; fileRef = DBE9AFE2252D5E3100ED1964 /* HeroModel.swift */; };
		DBE9AFF2252F562400ED1964 /* HeroCollectionViewCell.swift in Sources */ = {isa = PBXBuildFile; fileRef = DBE9AFF0252F562400ED1964 /* HeroCollectionViewCell.swift */; };
		DBE9AFF3252F562400ED1964 /* HeroCollectionViewCell.xib in Resources */ = {isa = PBXBuildFile; fileRef = DBE9AFF1252F562400ED1964 /* HeroCollectionViewCell.xib */; };
		DBE9AFF5252F580200ED1964 /* UIView.swift in Sources */ = {isa = PBXBuildFile; fileRef = DBE9AFF4252F580200ED1964 /* UIView.swift */; };
		DBE9AFF9252F5B0300ED1964 /* Constant.swift in Sources */ = {isa = PBXBuildFile; fileRef = DBE9AFF8252F5B0300ED1964 /* Constant.swift */; };
/* End PBXBuildFile section */

/* Begin PBXContainerItemProxy section */
		DBE9AFBD252C92EB00ED1964 /* PBXContainerItemProxy */ = {
			isa = PBXContainerItemProxy;
			containerPortal = DBE9AF9B252C92EA00ED1964 /* Project object */;
			proxyType = 1;
			remoteGlobalIDString = DBE9AFA2252C92EA00ED1964;
			remoteInfo = Dota;
		};
/* End PBXContainerItemProxy section */

/* Begin PBXFileReference section */
		0A43EDD92D916C1656BA5797 /* Pods_DotaTests.framework */ = {isa = PBXFileReference; explicitFileType = wrapper.framework; includeInIndex = 0; path = Pods_DotaTests.framework; sourceTree = BUILT_PRODUCTS_DIR; };
		2DEA0B3AE6E8E1B8F425696E /* Pods-DotaTests.release.xcconfig */ = {isa = PBXFileReference; includeInIndex = 1; lastKnownFileType = text.xcconfig; name = "Pods-DotaTests.release.xcconfig"; path = "Target Support Files/Pods-DotaTests/Pods-DotaTests.release.xcconfig"; sourceTree = "<group>"; };
		4C7F0C1070DAA493F9D6F5A2 /* Pods-Dota.debug.xcconfig */ = {isa = PBXFileReference; includeInIndex = 1; lastKnownFileType = text.xcconfig; name = "Pods-Dota.debug.xcconfig"; path = "Target Support Files/Pods-Dota/Pods-Dota.debug.xcconfig"; sourceTree = "<group>"; };
		728C3B9C8CE49E4FC0621CF2 /* Pods_Dota.framework */ = {isa = PBXFileReference; explicitFileType = wrapper.framework; includeInIndex = 0; path = Pods_Dota.framework; sourceTree = BUILT_PRODUCTS_DIR; };
		C2705B49DC603C0B60A408FE /* Pods-Dota.release.xcconfig */ = {isa = PBXFileReference; includeInIndex = 1; lastKnownFileType = text.xcconfig; name = "Pods-Dota.release.xcconfig"; path = "Target Support Files/Pods-Dota/Pods-Dota.release.xcconfig"; sourceTree = "<group>"; };
		DB30A4ED252F98BA00B898B2 /* FilterRolesViewController.swift */ = {isa = PBXFileReference; lastKnownFileType = sourcecode.swift; path = FilterRolesViewController.swift; sourceTree = "<group>"; };
		DB30A4EE252F98BA00B898B2 /* FilterRolesViewController.xib */ = {isa = PBXFileReference; lastKnownFileType = file.xib; path = FilterRolesViewController.xib; sourceTree = "<group>"; };
		DB30A4F6252F9B1900B898B2 /* RoleTableViewCell.swift */ = {isa = PBXFileReference; lastKnownFileType = sourcecode.swift; path = RoleTableViewCell.swift; sourceTree = "<group>"; };
		DB30A4F7252F9B1900B898B2 /* RoleTableViewCell.xib */ = {isa = PBXFileReference; lastKnownFileType = file.xib; path = RoleTableViewCell.xib; sourceTree = "<group>"; };
		DBC8F5AB252FA23A0082127B /* DetailHeroViewController.swift */ = {isa = PBXFileReference; lastKnownFileType = sourcecode.swift; path = DetailHeroViewController.swift; sourceTree = "<group>"; };
		DBC8F5AC252FA23A0082127B /* DetailHeroViewController.xib */ = {isa = PBXFileReference; lastKnownFileType = file.xib; path = DetailHeroViewController.xib; sourceTree = "<group>"; };
		DBC8F5B0252FAE260082127B /* DetailHeroViewModel.swift */ = {isa = PBXFileReference; lastKnownFileType = sourcecode.swift; path = DetailHeroViewModel.swift; sourceTree = "<group>"; };
		DBC969BA252F710E00516F73 /* CoreDataHelper.swift */ = {isa = PBXFileReference; lastKnownFileType = sourcecode.swift; path = CoreDataHelper.swift; sourceTree = "<group>"; };
		DBE9AFA3252C92EA00ED1964 /* Dota.app */ = {isa = PBXFileReference; explicitFileType = wrapper.application; includeInIndex = 0; path = Dota.app; sourceTree = BUILT_PRODUCTS_DIR; };
		DBE9AFA6252C92EA00ED1964 /* AppDelegate.swift */ = {isa = PBXFileReference; lastKnownFileType = sourcecode.swift; path = AppDelegate.swift; sourceTree = "<group>"; };
		DBE9AFA8252C92EA00ED1964 /* SceneDelegate.swift */ = {isa = PBXFileReference; lastKnownFileType = sourcecode.swift; path = SceneDelegate.swift; sourceTree = "<group>"; };
		DBE9AFB0252C92EA00ED1964 /* Dota.xcdatamodel */ = {isa = PBXFileReference; lastKnownFileType = wrapper.xcdatamodel; path = Dota.xcdatamodel; sourceTree = "<group>"; };
		DBE9AFB2252C92EB00ED1964 /* Assets.xcassets */ = {isa = PBXFileReference; lastKnownFileType = folder.assetcatalog; path = Assets.xcassets; sourceTree = "<group>"; };
		DBE9AFB5252C92EB00ED1964 /* Base */ = {isa = PBXFileReference; lastKnownFileType = file.storyboard; name = Base; path = Base.lproj/LaunchScreen.storyboard; sourceTree = "<group>"; };
		DBE9AFB7252C92EB00ED1964 /* Info.plist */ = {isa = PBXFileReference; lastKnownFileType = text.plist.xml; path = Info.plist; sourceTree = "<group>"; };
		DBE9AFBC252C92EB00ED1964 /* DotaTests.xctest */ = {isa = PBXFileReference; explicitFileType = wrapper.cfbundle; includeInIndex = 0; path = DotaTests.xctest; sourceTree = BUILT_PRODUCTS_DIR; };
		DBE9AFC0252C92EB00ED1964 /* DotaTests.swift */ = {isa = PBXFileReference; lastKnownFileType = sourcecode.swift; path = DotaTests.swift; sourceTree = "<group>"; };
		DBE9AFC2252C92EB00ED1964 /* Info.plist */ = {isa = PBXFileReference; lastKnownFileType = text.plist.xml; path = Info.plist; sourceTree = "<group>"; };
		DBE9AFCC252C9B0000ED1964 /* HomeViewController.swift */ = {isa = PBXFileReference; lastKnownFileType = sourcecode.swift; path = HomeViewController.swift; sourceTree = "<group>"; };
		DBE9AFCD252C9B0000ED1964 /* HomeViewController.xib */ = {isa = PBXFileReference; lastKnownFileType = file.xib; path = HomeViewController.xib; sourceTree = "<group>"; };
		DBE9AFD0252C9C9600ED1964 /* HomeViewModel.swift */ = {isa = PBXFileReference; lastKnownFileType = sourcecode.swift; path = HomeViewModel.swift; sourceTree = "<group>"; };
		DBE9AFDB252CC24100ED1964 /* UIColor.swift */ = {isa = PBXFileReference; lastKnownFileType = sourcecode.swift; path = UIColor.swift; sourceTree = "<group>"; };
		DBE9AFDD252CC30700ED1964 /* BaseService.swift */ = {isa = PBXFileReference; lastKnownFileType = sourcecode.swift; path = BaseService.swift; sourceTree = "<group>"; };
		DBE9AFE0252D5D8B00ED1964 /* HomeService.swift */ = {isa = PBXFileReference; lastKnownFileType = sourcecode.swift; path = HomeService.swift; sourceTree = "<group>"; };
		DBE9AFE2252D5E3100ED1964 /* HeroModel.swift */ = {isa = PBXFileReference; lastKnownFileType = sourcecode.swift; path = HeroModel.swift; sourceTree = "<group>"; };
		DBE9AFF0252F562400ED1964 /* HeroCollectionViewCell.swift */ = {isa = PBXFileReference; lastKnownFileType = sourcecode.swift; path = HeroCollectionViewCell.swift; sourceTree = "<group>"; };
		DBE9AFF1252F562400ED1964 /* HeroCollectionViewCell.xib */ = {isa = PBXFileReference; lastKnownFileType = file.xib; path = HeroCollectionViewCell.xib; sourceTree = "<group>"; };
		DBE9AFF4252F580200ED1964 /* UIView.swift */ = {isa = PBXFileReference; lastKnownFileType = sourcecode.swift; path = UIView.swift; sourceTree = "<group>"; };
		DBE9AFF8252F5B0300ED1964 /* Constant.swift */ = {isa = PBXFileReference; lastKnownFileType = sourcecode.swift; path = Constant.swift; sourceTree = "<group>"; };
		F9692DCE091A145EE355267C /* Pods-DotaTests.debug.xcconfig */ = {isa = PBXFileReference; includeInIndex = 1; lastKnownFileType = text.xcconfig; name = "Pods-DotaTests.debug.xcconfig"; path = "Target Support Files/Pods-DotaTests/Pods-DotaTests.debug.xcconfig"; sourceTree = "<group>"; };
/* End PBXFileReference section */

/* Begin PBXFrameworksBuildPhase section */
		DBE9AFA0252C92EA00ED1964 /* Frameworks */ = {
			isa = PBXFrameworksBuildPhase;
			buildActionMask = 2147483647;
			files = (
				0505CEB3918E9E14E734E450 /* Pods_Dota.framework in Frameworks */,
			);
			runOnlyForDeploymentPostprocessing = 0;
		};
		DBE9AFB9252C92EB00ED1964 /* Frameworks */ = {
			isa = PBXFrameworksBuildPhase;
			buildActionMask = 2147483647;
			files = (
				6649B3B600CD9751E90C94AB /* Pods_DotaTests.framework in Frameworks */,
			);
			runOnlyForDeploymentPostprocessing = 0;
		};
/* End PBXFrameworksBuildPhase section */

/* Begin PBXGroup section */
		6F50736FB7B9771EEA809838 /* Pods */ = {
			isa = PBXGroup;
			children = (
				4C7F0C1070DAA493F9D6F5A2 /* Pods-Dota.debug.xcconfig */,
				C2705B49DC603C0B60A408FE /* Pods-Dota.release.xcconfig */,
				F9692DCE091A145EE355267C /* Pods-DotaTests.debug.xcconfig */,
				2DEA0B3AE6E8E1B8F425696E /* Pods-DotaTests.release.xcconfig */,
			);
			path = Pods;
			sourceTree = "<group>";
		};
		A4B2060FC2704D02E763F719 /* Frameworks */ = {
			isa = PBXGroup;
			children = (
				728C3B9C8CE49E4FC0621CF2 /* Pods_Dota.framework */,
				0A43EDD92D916C1656BA5797 /* Pods_DotaTests.framework */,
			);
			name = Frameworks;
			sourceTree = "<group>";
		};
		DB30A4EA252F984400B898B2 /* Home */ = {
			isa = PBXGroup;
			children = (
				DBE9AFEF252F560500ED1964 /* Component */,
				DBE9AFCC252C9B0000ED1964 /* HomeViewController.swift */,
				DBE9AFCD252C9B0000ED1964 /* HomeViewController.xib */,
				DBE9AFD0252C9C9600ED1964 /* HomeViewModel.swift */,
			);
			path = Home;
			sourceTree = "<group>";
		};
		DB30A4EB252F985000B898B2 /* Filter */ = {
			isa = PBXGroup;
			children = (
				DB30A4F5252F9A9E00B898B2 /* Component */,
				DB30A4ED252F98BA00B898B2 /* FilterRolesViewController.swift */,
				DB30A4EE252F98BA00B898B2 /* FilterRolesViewController.xib */,
			);
			path = Filter;
			sourceTree = "<group>";
		};
		DB30A4EC252F985800B898B2 /* Detail */ = {
			isa = PBXGroup;
			children = (
				DBC8F5AF252FA23E0082127B /* Component */,
				DBC8F5AB252FA23A0082127B /* DetailHeroViewController.swift */,
				DBC8F5AC252FA23A0082127B /* DetailHeroViewController.xib */,
				DBC8F5B0252FAE260082127B /* DetailHeroViewModel.swift */,
			);
			path = Detail;
			sourceTree = "<group>";
		};
		DB30A4F5252F9A9E00B898B2 /* Component */ = {
			isa = PBXGroup;
			children = (
				DB30A4F6252F9B1900B898B2 /* RoleTableViewCell.swift */,
				DB30A4F7252F9B1900B898B2 /* RoleTableViewCell.xib */,
			);
			path = Component;
			sourceTree = "<group>";
		};
		DBC8F5AF252FA23E0082127B /* Component */ = {
			isa = PBXGroup;
			children = (
			);
			path = Component;
			sourceTree = "<group>";
		};
		DBE9AF9A252C92EA00ED1964 = {
			isa = PBXGroup;
			children = (
				DBE9AFA5252C92EA00ED1964 /* Dota */,
				DBE9AFBF252C92EB00ED1964 /* DotaTests */,
				DBE9AFA4252C92EA00ED1964 /* Products */,
				6F50736FB7B9771EEA809838 /* Pods */,
				A4B2060FC2704D02E763F719 /* Frameworks */,
			);
			sourceTree = "<group>";
		};
		DBE9AFA4252C92EA00ED1964 /* Products */ = {
			isa = PBXGroup;
			children = (
				DBE9AFA3252C92EA00ED1964 /* Dota.app */,
				DBE9AFBC252C92EB00ED1964 /* DotaTests.xctest */,
			);
			name = Products;
			sourceTree = "<group>";
		};
		DBE9AFA5252C92EA00ED1964 /* Dota */ = {
			isa = PBXGroup;
			children = (
				DBE9AFDF252D5D0900ED1964 /* Service */,
				DBE9AFD6252C9D1C00ED1964 /* Helper */,
				DBE9AFD5252C9D0400ED1964 /* Model */,
				DBE9AFCB252C9AE800ED1964 /* Screen */,
				DBE9AFA6252C92EA00ED1964 /* AppDelegate.swift */,
				DBE9AFA8252C92EA00ED1964 /* SceneDelegate.swift */,
				DBE9AFB2252C92EB00ED1964 /* Assets.xcassets */,
				DBE9AFB4252C92EB00ED1964 /* LaunchScreen.storyboard */,
				DBE9AFB7252C92EB00ED1964 /* Info.plist */,
				DBE9AFAF252C92EA00ED1964 /* Dota.xcdatamodeld */,
			);
			path = Dota;
			sourceTree = "<group>";
		};
		DBE9AFBF252C92EB00ED1964 /* DotaTests */ = {
			isa = PBXGroup;
			children = (
				DBE9AFC0252C92EB00ED1964 /* DotaTests.swift */,
				DBE9AFC2252C92EB00ED1964 /* Info.plist */,
			);
			path = DotaTests;
			sourceTree = "<group>";
		};
		DBE9AFCB252C9AE800ED1964 /* Screen */ = {
			isa = PBXGroup;
			children = (
				DB30A4EC252F985800B898B2 /* Detail */,
				DB30A4EB252F985000B898B2 /* Filter */,
				DB30A4EA252F984400B898B2 /* Home */,
			);
			path = Screen;
			sourceTree = "<group>";
		};
		DBE9AFD5252C9D0400ED1964 /* Model */ = {
			isa = PBXGroup;
			children = (
				DBE9AFE2252D5E3100ED1964 /* HeroModel.swift */,
			);
			path = Model;
			sourceTree = "<group>";
		};
		DBE9AFD6252C9D1C00ED1964 /* Helper */ = {
			isa = PBXGroup;
			children = (
				DBE9AFDA252CC22600ED1964 /* Extension */,
				DBE9AFF7252F5AF100ED1964 /* Constant */,
				DBE9AFF6252F5AE800ED1964 /* Base */,
			);
			path = Helper;
			sourceTree = "<group>";
		};
		DBE9AFDA252CC22600ED1964 /* Extension */ = {
			isa = PBXGroup;
			children = (
				DBE9AFDB252CC24100ED1964 /* UIColor.swift */,
				DBE9AFF4252F580200ED1964 /* UIView.swift */,
			);
			path = Extension;
			sourceTree = "<group>";
		};
		DBE9AFDF252D5D0900ED1964 /* Service */ = {
			isa = PBXGroup;
			children = (
				DBE9AFE0252D5D8B00ED1964 /* HomeService.swift */,
			);
			path = Service;
			sourceTree = "<group>";
		};
		DBE9AFEF252F560500ED1964 /* Component */ = {
			isa = PBXGroup;
			children = (
				DBE9AFF0252F562400ED1964 /* HeroCollectionViewCell.swift */,
				DBE9AFF1252F562400ED1964 /* HeroCollectionViewCell.xib */,
			);
			path = Component;
			sourceTree = "<group>";
		};
		DBE9AFF6252F5AE800ED1964 /* Base */ = {
			isa = PBXGroup;
			children = (
				DBE9AFDD252CC30700ED1964 /* BaseService.swift */,
				DBC969BA252F710E00516F73 /* CoreDataHelper.swift */,
			);
			path = Base;
			sourceTree = "<group>";
		};
		DBE9AFF7252F5AF100ED1964 /* Constant */ = {
			isa = PBXGroup;
			children = (
				DBE9AFF8252F5B0300ED1964 /* Constant.swift */,
			);
			path = Constant;
			sourceTree = "<group>";
		};
/* End PBXGroup section */

/* Begin PBXNativeTarget section */
		DBE9AFA2252C92EA00ED1964 /* Dota */ = {
			isa = PBXNativeTarget;
			buildConfigurationList = DBE9AFC5252C92EB00ED1964 /* Build configuration list for PBXNativeTarget "Dota" */;
			buildPhases = (
				723ECBDED68881FE98721291 /* [CP] Check Pods Manifest.lock */,
				DBE9AF9F252C92EA00ED1964 /* Sources */,
				DBE9AFA0252C92EA00ED1964 /* Frameworks */,
				DBE9AFA1252C92EA00ED1964 /* Resources */,
				4A862D7F418E2593FD87469E /* [CP] Embed Pods Frameworks */,
			);
			buildRules = (
			);
			dependencies = (
			);
			name = Dota;
			productName = Dota;
			productReference = DBE9AFA3252C92EA00ED1964 /* Dota.app */;
			productType = "com.apple.product-type.application";
		};
		DBE9AFBB252C92EB00ED1964 /* DotaTests */ = {
			isa = PBXNativeTarget;
			buildConfigurationList = DBE9AFC8252C92EB00ED1964 /* Build configuration list for PBXNativeTarget "DotaTests" */;
			buildPhases = (
				5024584FB9451C1A4297B411 /* [CP] Check Pods Manifest.lock */,
				DBE9AFB8252C92EB00ED1964 /* Sources */,
				DBE9AFB9252C92EB00ED1964 /* Frameworks */,
				DBE9AFBA252C92EB00ED1964 /* Resources */,
			);
			buildRules = (
			);
			dependencies = (
				DBE9AFBE252C92EB00ED1964 /* PBXTargetDependency */,
			);
			name = DotaTests;
			productName = DotaTests;
			productReference = DBE9AFBC252C92EB00ED1964 /* DotaTests.xctest */;
			productType = "com.apple.product-type.bundle.unit-test";
		};
/* End PBXNativeTarget section */

/* Begin PBXProject section */
		DBE9AF9B252C92EA00ED1964 /* Project object */ = {
			isa = PBXProject;
			attributes = {
				LastSwiftUpdateCheck = 1130;
				LastUpgradeCheck = 1130;
				ORGANIZATIONNAME = ilhamsaputra;
				TargetAttributes = {
					DBE9AFA2252C92EA00ED1964 = {
						CreatedOnToolsVersion = 11.3.1;
					};
					DBE9AFBB252C92EB00ED1964 = {
						CreatedOnToolsVersion = 11.3.1;
						TestTargetID = DBE9AFA2252C92EA00ED1964;
					};
				};
			};
			buildConfigurationList = DBE9AF9E252C92EA00ED1964 /* Build configuration list for PBXProject "Dota" */;
			compatibilityVersion = "Xcode 9.3";
			developmentRegion = en;
			hasScannedForEncodings = 0;
			knownRegions = (
				en,
				Base,
			);
			mainGroup = DBE9AF9A252C92EA00ED1964;
			productRefGroup = DBE9AFA4252C92EA00ED1964 /* Products */;
			projectDirPath = "";
			projectRoot = "";
			targets = (
				DBE9AFA2252C92EA00ED1964 /* Dota */,
				DBE9AFBB252C92EB00ED1964 /* DotaTests */,
			);
		};
/* End PBXProject section */

/* Begin PBXResourcesBuildPhase section */
		DBE9AFA1252C92EA00ED1964 /* Resources */ = {
			isa = PBXResourcesBuildPhase;
			buildActionMask = 2147483647;
			files = (
				DBE9AFF3252F562400ED1964 /* HeroCollectionViewCell.xib in Resources */,
				DBE9AFB6252C92EB00ED1964 /* LaunchScreen.storyboard in Resources */,
				DB30A4F0252F98BA00B898B2 /* FilterRolesViewController.xib in Resources */,
				DBE9AFB3252C92EB00ED1964 /* Assets.xcassets in Resources */,
				DBC8F5AE252FA23A0082127B /* DetailHeroViewController.xib in Resources */,
				DBE9AFCF252C9B0000ED1964 /* HomeViewController.xib in Resources */,
				DB30A4F9252F9B1900B898B2 /* RoleTableViewCell.xib in Resources */,
			);
			runOnlyForDeploymentPostprocessing = 0;
		};
		DBE9AFBA252C92EB00ED1964 /* Resources */ = {
			isa = PBXResourcesBuildPhase;
			buildActionMask = 2147483647;
			files = (
			);
			runOnlyForDeploymentPostprocessing = 0;
		};
/* End PBXResourcesBuildPhase section */

/* Begin PBXShellScriptBuildPhase section */
		4A862D7F418E2593FD87469E /* [CP] Embed Pods Frameworks */ = {
			isa = PBXShellScriptBuildPhase;
			buildActionMask = 2147483647;
			files = (
			);
			inputFileListPaths = (
				"${PODS_ROOT}/Target Support Files/Pods-Dota/Pods-Dota-frameworks-${CONFIGURATION}-input-files.xcfilelist",
			);
			name = "[CP] Embed Pods Frameworks";
			outputFileListPaths = (
				"${PODS_ROOT}/Target Support Files/Pods-Dota/Pods-Dota-frameworks-${CONFIGURATION}-output-files.xcfilelist",
			);
			runOnlyForDeploymentPostprocessing = 0;
			shellPath = /bin/sh;
			shellScript = "\"${PODS_ROOT}/Target Support Files/Pods-Dota/Pods-Dota-frameworks.sh\"\n";
			showEnvVarsInLog = 0;
		};
		5024584FB9451C1A4297B411 /* [CP] Check Pods Manifest.lock */ = {
			isa = PBXShellScriptBuildPhase;
			buildActionMask = 2147483647;
			files = (
			);
			inputFileListPaths = (
			);
			inputPaths = (
				"${PODS_PODFILE_DIR_PATH}/Podfile.lock",
				"${PODS_ROOT}/Manifest.lock",
			);
			name = "[CP] Check Pods Manifest.lock";
			outputFileListPaths = (
			);
			outputPaths = (
				"$(DERIVED_FILE_DIR)/Pods-DotaTests-checkManifestLockResult.txt",
			);
			runOnlyForDeploymentPostprocessing = 0;
			shellPath = /bin/sh;
			shellScript = "diff \"${PODS_PODFILE_DIR_PATH}/Podfile.lock\" \"${PODS_ROOT}/Manifest.lock\" > /dev/null\nif [ $? != 0 ] ; then\n    # print error to STDERR\n    echo \"error: The sandbox is not in sync with the Podfile.lock. Run 'pod install' or update your CocoaPods installation.\" >&2\n    exit 1\nfi\n# This output is used by Xcode 'outputs' to avoid re-running this script phase.\necho \"SUCCESS\" > \"${SCRIPT_OUTPUT_FILE_0}\"\n";
			showEnvVarsInLog = 0;
		};
		723ECBDED68881FE98721291 /* [CP] Check Pods Manifest.lock */ = {
			isa = PBXShellScriptBuildPhase;
			buildActionMask = 2147483647;
			files = (
			);
			inputFileListPaths = (
			);
			inputPaths = (
				"${PODS_PODFILE_DIR_PATH}/Podfile.lock",
				"${PODS_ROOT}/Manifest.lock",
			);
			name = "[CP] Check Pods Manifest.lock";
			outputFileListPaths = (
			);
			outputPaths = (
				"$(DERIVED_FILE_DIR)/Pods-Dota-checkManifestLockResult.txt",
			);
			runOnlyForDeploymentPostprocessing = 0;
			shellPath = /bin/sh;
			shellScript = "diff \"${PODS_PODFILE_DIR_PATH}/Podfile.lock\" \"${PODS_ROOT}/Manifest.lock\" > /dev/null\nif [ $? != 0 ] ; then\n    # print error to STDERR\n    echo \"error: The sandbox is not in sync with the Podfile.lock. Run 'pod install' or update your CocoaPods installation.\" >&2\n    exit 1\nfi\n# This output is used by Xcode 'outputs' to avoid re-running this script phase.\necho \"SUCCESS\" > \"${SCRIPT_OUTPUT_FILE_0}\"\n";
			showEnvVarsInLog = 0;
		};
/* End PBXShellScriptBuildPhase section */

/* Begin PBXSourcesBuildPhase section */
		DBE9AF9F252C92EA00ED1964 /* Sources */ = {
			isa = PBXSourcesBuildPhase;
			buildActionMask = 2147483647;
			files = (
				DB30A4EF252F98BA00B898B2 /* FilterRolesViewController.swift in Sources */,
				DBE9AFDE252CC30700ED1964 /* BaseService.swift in Sources */,
				DBE9AFF2252F562400ED1964 /* HeroCollectionViewCell.swift in Sources */,
				DBE9AFE3252D5E3100ED1964 /* HeroModel.swift in Sources */,
				DBE9AFCE252C9B0000ED1964 /* HomeViewController.swift in Sources */,
				DBE9AFF5252F580200ED1964 /* UIView.swift in Sources */,
				DBE9AFDC252CC24100ED1964 /* UIColor.swift in Sources */,
				DBE9AFB1252C92EA00ED1964 /* Dota.xcdatamodeld in Sources */,
				DB30A4F8252F9B1900B898B2 /* RoleTableViewCell.swift in Sources */,
				DBC8F5AD252FA23A0082127B /* DetailHeroViewController.swift in Sources */,
				DBE9AFA7252C92EA00ED1964 /* AppDelegate.swift in Sources */,
				DBC969BB252F710E00516F73 /* CoreDataHelper.swift in Sources */,
				DBE9AFD1252C9C9600ED1964 /* HomeViewModel.swift in Sources */,
				DBE9AFF9252F5B0300ED1964 /* Constant.swift in Sources */,
				DBC8F5B1252FAE260082127B /* DetailHeroViewModel.swift in Sources */,
				DBE9AFE1252D5D8B00ED1964 /* HomeService.swift in Sources */,
				DBE9AFA9252C92EA00ED1964 /* SceneDelegate.swift in Sources */,
			);
			runOnlyForDeploymentPostprocessing = 0;
		};
		DBE9AFB8252C92EB00ED1964 /* Sources */ = {
			isa = PBXSourcesBuildPhase;
			buildActionMask = 2147483647;
			files = (
				DBE9AFC1252C92EB00ED1964 /* DotaTests.swift in Sources */,
			);
			runOnlyForDeploymentPostprocessing = 0;
		};
/* End PBXSourcesBuildPhase section */

/* Begin PBXTargetDependency section */
		DBE9AFBE252C92EB00ED1964 /* PBXTargetDependency */ = {
			isa = PBXTargetDependency;
			target = DBE9AFA2252C92EA00ED1964 /* Dota */;
			targetProxy = DBE9AFBD252C92EB00ED1964 /* PBXContainerItemProxy */;
		};
/* End PBXTargetDependency section */

/* Begin PBXVariantGroup section */
		DBE9AFB4252C92EB00ED1964 /* LaunchScreen.storyboard */ = {
			isa = PBXVariantGroup;
			children = (
				DBE9AFB5252C92EB00ED1964 /* Base */,
			);
			name = LaunchScreen.storyboard;
			sourceTree = "<group>";
		};
/* End PBXVariantGroup section */

/* Begin XCBuildConfiguration section */
		DBE9AFC3252C92EB00ED1964 /* Debug */ = {
			isa = XCBuildConfiguration;
			buildSettings = {
				ALWAYS_SEARCH_USER_PATHS = NO;
				CLANG_ANALYZER_NONNULL = YES;
				CLANG_ANALYZER_NUMBER_OBJECT_CONVERSION = YES_AGGRESSIVE;
				CLANG_CXX_LANGUAGE_STANDARD = "gnu++14";
				CLANG_CXX_LIBRARY = "libc++";
				CLANG_ENABLE_MODULES = YES;
				CLANG_ENABLE_OBJC_ARC = YES;
				CLANG_ENABLE_OBJC_WEAK = YES;
				CLANG_WARN_BLOCK_CAPTURE_AUTORELEASING = YES;
				CLANG_WARN_BOOL_CONVERSION = YES;
				CLANG_WARN_COMMA = YES;
				CLANG_WARN_CONSTANT_CONVERSION = YES;
				CLANG_WARN_DEPRECATED_OBJC_IMPLEMENTATIONS = YES;
				CLANG_WARN_DIRECT_OBJC_ISA_USAGE = YES_ERROR;
				CLANG_WARN_DOCUMENTATION_COMMENTS = YES;
				CLANG_WARN_EMPTY_BODY = YES;
				CLANG_WARN_ENUM_CONVERSION = YES;
				CLANG_WARN_INFINITE_RECURSION = YES;
				CLANG_WARN_INT_CONVERSION = YES;
				CLANG_WARN_NON_LITERAL_NULL_CONVERSION = YES;
				CLANG_WARN_OBJC_IMPLICIT_RETAIN_SELF = YES;
				CLANG_WARN_OBJC_LITERAL_CONVERSION = YES;
				CLANG_WARN_OBJC_ROOT_CLASS = YES_ERROR;
				CLANG_WARN_RANGE_LOOP_ANALYSIS = YES;
				CLANG_WARN_STRICT_PROTOTYPES = YES;
				CLANG_WARN_SUSPICIOUS_MOVE = YES;
				CLANG_WARN_UNGUARDED_AVAILABILITY = YES_AGGRESSIVE;
				CLANG_WARN_UNREACHABLE_CODE = YES;
				CLANG_WARN__DUPLICATE_METHOD_MATCH = YES;
				COPY_PHASE_STRIP = NO;
				DEBUG_INFORMATION_FORMAT = dwarf;
				ENABLE_STRICT_OBJC_MSGSEND = YES;
				ENABLE_TESTABILITY = YES;
				GCC_C_LANGUAGE_STANDARD = gnu11;
				GCC_DYNAMIC_NO_PIC = NO;
				GCC_NO_COMMON_BLOCKS = YES;
				GCC_OPTIMIZATION_LEVEL = 0;
				GCC_PREPROCESSOR_DEFINITIONS = (
					"DEBUG=1",
					"$(inherited)",
				);
				GCC_WARN_64_TO_32_BIT_CONVERSION = YES;
				GCC_WARN_ABOUT_RETURN_TYPE = YES_ERROR;
				GCC_WARN_UNDECLARED_SELECTOR = YES;
				GCC_WARN_UNINITIALIZED_AUTOS = YES_AGGRESSIVE;
				GCC_WARN_UNUSED_FUNCTION = YES;
				GCC_WARN_UNUSED_VARIABLE = YES;
				IPHONEOS_DEPLOYMENT_TARGET = 13.2;
				MTL_ENABLE_DEBUG_INFO = INCLUDE_SOURCE;
				MTL_FAST_MATH = YES;
				ONLY_ACTIVE_ARCH = YES;
				SDKROOT = iphoneos;
				SWIFT_ACTIVE_COMPILATION_CONDITIONS = DEBUG;
				SWIFT_OPTIMIZATION_LEVEL = "-Onone";
			};
			name = Debug;
		};
		DBE9AFC4252C92EB00ED1964 /* Release */ = {
			isa = XCBuildConfiguration;
			buildSettings = {
				ALWAYS_SEARCH_USER_PATHS = NO;
				CLANG_ANALYZER_NONNULL = YES;
				CLANG_ANALYZER_NUMBER_OBJECT_CONVERSION = YES_AGGRESSIVE;
				CLANG_CXX_LANGUAGE_STANDARD = "gnu++14";
				CLANG_CXX_LIBRARY = "libc++";
				CLANG_ENABLE_MODULES = YES;
				CLANG_ENABLE_OBJC_ARC = YES;
				CLANG_ENABLE_OBJC_WEAK = YES;
				CLANG_WARN_BLOCK_CAPTURE_AUTORELEASING = YES;
				CLANG_WARN_BOOL_CONVERSION = YES;
				CLANG_WARN_COMMA = YES;
				CLANG_WARN_CONSTANT_CONVERSION = YES;
				CLANG_WARN_DEPRECATED_OBJC_IMPLEMENTATIONS = YES;
				CLANG_WARN_DIRECT_OBJC_ISA_USAGE = YES_ERROR;
				CLANG_WARN_DOCUMENTATION_COMMENTS = YES;
				CLANG_WARN_EMPTY_BODY = YES;
				CLANG_WARN_ENUM_CONVERSION = YES;
				CLANG_WARN_INFINITE_RECURSION = YES;
				CLANG_WARN_INT_CONVERSION = YES;
				CLANG_WARN_NON_LITERAL_NULL_CONVERSION = YES;
				CLANG_WARN_OBJC_IMPLICIT_RETAIN_SELF = YES;
				CLANG_WARN_OBJC_LITERAL_CONVERSION = YES;
				CLANG_WARN_OBJC_ROOT_CLASS = YES_ERROR;
				CLANG_WARN_RANGE_LOOP_ANALYSIS = YES;
				CLANG_WARN_STRICT_PROTOTYPES = YES;
				CLANG_WARN_SUSPICIOUS_MOVE = YES;
				CLANG_WARN_UNGUARDED_AVAILABILITY = YES_AGGRESSIVE;
				CLANG_WARN_UNREACHABLE_CODE = YES;
				CLANG_WARN__DUPLICATE_METHOD_MATCH = YES;
				COPY_PHASE_STRIP = NO;
				DEBUG_INFORMATION_FORMAT = "dwarf-with-dsym";
				ENABLE_NS_ASSERTIONS = NO;
				ENABLE_STRICT_OBJC_MSGSEND = YES;
				GCC_C_LANGUAGE_STANDARD = gnu11;
				GCC_NO_COMMON_BLOCKS = YES;
				GCC_WARN_64_TO_32_BIT_CONVERSION = YES;
				GCC_WARN_ABOUT_RETURN_TYPE = YES_ERROR;
				GCC_WARN_UNDECLARED_SELECTOR = YES;
				GCC_WARN_UNINITIALIZED_AUTOS = YES_AGGRESSIVE;
				GCC_WARN_UNUSED_FUNCTION = YES;
				GCC_WARN_UNUSED_VARIABLE = YES;
				IPHONEOS_DEPLOYMENT_TARGET = 13.2;
				MTL_ENABLE_DEBUG_INFO = NO;
				MTL_FAST_MATH = YES;
				SDKROOT = iphoneos;
				SWIFT_COMPILATION_MODE = wholemodule;
				SWIFT_OPTIMIZATION_LEVEL = "-O";
				VALIDATE_PRODUCT = YES;
			};
			name = Release;
		};
		DBE9AFC6252C92EB00ED1964 /* Debug */ = {
			isa = XCBuildConfiguration;
			baseConfigurationReference = 4C7F0C1070DAA493F9D6F5A2 /* Pods-Dota.debug.xcconfig */;
			buildSettings = {
				ASSETCATALOG_COMPILER_APPICON_NAME = AppIcon;
				CODE_SIGN_STYLE = Automatic;
				CURRENT_PROJECT_VERSION = 1;
				DEVELOPMENT_TEAM = 695KB4TZ4X;
				INFOPLIST_FILE = Dota/Info.plist;
				IPHONEOS_DEPLOYMENT_TARGET = 13.0;
				LD_RUNPATH_SEARCH_PATHS = (
					"$(inherited)",
					"@executable_path/Frameworks",
				);
				MARKETING_VERSION = 1;
				PRODUCT_BUNDLE_IDENTIFIER = com.ilham.Dota;
				PRODUCT_NAME = "$(TARGET_NAME)";
				SWIFT_VERSION = 5.0;
				TARGETED_DEVICE_FAMILY = 1;
			};
			name = Debug;
		};
		DBE9AFC7252C92EB00ED1964 /* Release */ = {
			isa = XCBuildConfiguration;
			baseConfigurationReference = C2705B49DC603C0B60A408FE /* Pods-Dota.release.xcconfig */;
			buildSettings = {
				ASSETCATALOG_COMPILER_APPICON_NAME = AppIcon;
				CODE_SIGN_STYLE = Automatic;
				CURRENT_PROJECT_VERSION = 1;
				DEVELOPMENT_TEAM = 695KB4TZ4X;
				INFOPLIST_FILE = Dota/Info.plist;
				IPHONEOS_DEPLOYMENT_TARGET = 13.0;
				LD_RUNPATH_SEARCH_PATHS = (
					"$(inherited)",
					"@executable_path/Frameworks",
				);
				MARKETING_VERSION = 1;
				PRODUCT_BUNDLE_IDENTIFIER = com.ilham.Dota;
				PRODUCT_NAME = "$(TARGET_NAME)";
				SWIFT_VERSION = 5.0;
				TARGETED_DEVICE_FAMILY = 1;
			};
			name = Release;
		};
		DBE9AFC9252C92EB00ED1964 /* Debug */ = {
			isa = XCBuildConfiguration;
			baseConfigurationReference = F9692DCE091A145EE355267C /* Pods-DotaTests.debug.xcconfig */;
			buildSettings = {
				ALWAYS_EMBED_SWIFT_STANDARD_LIBRARIES = YES;
				BUNDLE_LOADER = "$(TEST_HOST)";
				CODE_SIGN_STYLE = Automatic;
				DEVELOPMENT_TEAM = 695KB4TZ4X;
				INFOPLIST_FILE = DotaTests/Info.plist;
				IPHONEOS_DEPLOYMENT_TARGET = 13.2;
				LD_RUNPATH_SEARCH_PATHS = (
					"$(inherited)",
					"@executable_path/Frameworks",
					"@loader_path/Frameworks",
				);
				PRODUCT_BUNDLE_IDENTIFIER = com.ilham.DotaTests;
				PRODUCT_NAME = "$(TARGET_NAME)";
				SWIFT_VERSION = 5.0;
				TARGETED_DEVICE_FAMILY = "1,2";
				TEST_HOST = "$(BUILT_PRODUCTS_DIR)/Dota.app/Dota";
			};
			name = Debug;
		};
		DBE9AFCA252C92EB00ED1964 /* Release */ = {
			isa = XCBuildConfiguration;
			baseConfigurationReference = 2DEA0B3AE6E8E1B8F425696E /* Pods-DotaTests.release.xcconfig */;
			buildSettings = {
				ALWAYS_EMBED_SWIFT_STANDARD_LIBRARIES = YES;
				BUNDLE_LOADER = "$(TEST_HOST)";
				CODE_SIGN_STYLE = Automatic;
				DEVELOPMENT_TEAM = 695KB4TZ4X;
				INFOPLIST_FILE = DotaTests/Info.plist;
				IPHONEOS_DEPLOYMENT_TARGET = 13.2;
				LD_RUNPATH_SEARCH_PATHS = (
					"$(inherited)",
					"@executable_path/Frameworks",
					"@loader_path/Frameworks",
				);
				PRODUCT_BUNDLE_IDENTIFIER = com.ilham.DotaTests;
				PRODUCT_NAME = "$(TARGET_NAME)";
				SWIFT_VERSION = 5.0;
				TARGETED_DEVICE_FAMILY = "1,2";
				TEST_HOST = "$(BUILT_PRODUCTS_DIR)/Dota.app/Dota";
			};
			name = Release;
		};
/* End XCBuildConfiguration section */

/* Begin XCConfigurationList section */
		DBE9AF9E252C92EA00ED1964 /* Build configuration list for PBXProject "Dota" */ = {
			isa = XCConfigurationList;
			buildConfigurations = (
				DBE9AFC3252C92EB00ED1964 /* Debug */,
				DBE9AFC4252C92EB00ED1964 /* Release */,
			);
			defaultConfigurationIsVisible = 0;
			defaultConfigurationName = Release;
		};
		DBE9AFC5252C92EB00ED1964 /* Build configuration list for PBXNativeTarget "Dota" */ = {
			isa = XCConfigurationList;
			buildConfigurations = (
				DBE9AFC6252C92EB00ED1964 /* Debug */,
				DBE9AFC7252C92EB00ED1964 /* Release */,
			);
			defaultConfigurationIsVisible = 0;
			defaultConfigurationName = Release;
		};
		DBE9AFC8252C92EB00ED1964 /* Build configuration list for PBXNativeTarget "DotaTests" */ = {
			isa = XCConfigurationList;
			buildConfigurations = (
				DBE9AFC9252C92EB00ED1964 /* Debug */,
				DBE9AFCA252C92EB00ED1964 /* Release */,
			);
			defaultConfigurationIsVisible = 0;
			defaultConfigurationName = Release;
		};
/* End XCConfigurationList section */

/* Begin XCVersionGroup section */
		DBE9AFAF252C92EA00ED1964 /* Dota.xcdatamodeld */ = {
			isa = XCVersionGroup;
			children = (
				DBE9AFB0252C92EA00ED1964 /* Dota.xcdatamodel */,
			);
			currentVersion = DBE9AFB0252C92EA00ED1964 /* Dota.xcdatamodel */;
			path = Dota.xcdatamodeld;
			sourceTree = "<group>";
			versionGroupType = wrapper.xcdatamodel;
		};
/* End XCVersionGroup section */
	};
	rootObject = DBE9AF9B252C92EA00ED1964 /* Project object */;
}
